
Microsoft Visual Studio Solution File, Format Version 12.00
# Visual Studio Version 17
VisualStudioVersion = 17.13.35806.99 d17.13
MinimumVisualStudioVersion = 10.0.40219.1
Project("{FAE04EC0-301F-11D3-BF4B-00C04F79EFBC}") = "Manoj", "Manoj.csproj", "{B5872C29-EAA0-44D0-979D-43BE27179C71}"
EndProject
Global
	GlobalSection(SolutionConfigurationPlatforms) = preSolution
		Debug|Any CPU = Debug|Any CPU
		Release|Any CPU = Release|Any CPU
	EndGlobalSection
	GlobalSection(ProjectConfigurationPlatforms) = postSolution
		{B5872C29-EAA0-44D0-979D-43BE27179C71}.Debug|Any CPU.ActiveCfg = Debug|Any CPU
		{B5872C29-EAA0-44D0-979D-43BE27179C71}.Debug|Any CPU.Build.0 = Debug|Any CPU
		{B5872C29-EAA0-44D0-979D-43BE27179C71}.Release|Any CPU.ActiveCfg = Release|Any CPU
		{B5872C29-EAA0-44D0-979D-43BE27179C71}.Release|Any CPU.Build.0 = Release|Any CPU
	EndGlobalSection
	GlobalSection(SolutionProperties) = preSolution
		HideSolutionNode = FALSE
	EndGlobalSection
	GlobalSection(ExtensibilityGlobals) = postSolution
		SolutionGuid = {C2B6C484-581E-43FB-B2DE-754A956B58A0}
	EndGlobalSection
EndGlobal
